
Microsoft Visual Studio Solution File, Format Version 12.00
# Visual Studio Version 17
VisualStudioVersion = 17.0.31903.59
MinimumVisualStudioVersion = 10.0.40219.1
Project("{FAE04EC0-301F-11D3-BF4B-00C04F79EFBC}") = "periodictableC.AppHost", "periodictableC.AppHost\periodictableC.AppHost.csproj", "{2ACF6F7E-1582-408E-B25E-A5D5850C192D}"
EndProject
Project("{FAE04EC0-301F-11D3-BF4B-00C04F79EFBC}") = "periodictableC.ApiService", "periodictableC.ApiService\periodictableC.ApiService.csproj", "{833A2C40-B176-421A-A2C3-F751578B8B82}"
EndProject
Project("{FAE04EC0-301F-11D3-BF4B-00C04F79EFBC}") = "periodictableC.ServiceDefaults", "periodictableC.ServiceDefaults\periodictableC.ServiceDefaults.csproj", "{41E39528-B4FA-4309-A2B1-78EA2D63F169}"
EndProject
Project("{FAE04EC0-301F-11D3-BF4B-00C04F79EFBC}") = "periodictableC.Web", "periodictableC.Web\periodictableC.Web.csproj", "{5A6EDC13-8329-470C-8D71-9B1008515FC3}"
EndProject
Global
	GlobalSection(SolutionConfigurationPlatforms) = preSolution
		Debug|Any CPU = Debug|Any CPU
		Debug|x64 = Debug|x64
		Debug|x86 = Debug|x86
		Release|Any CPU = Release|Any CPU
		Release|x64 = Release|x64
		Release|x86 = Release|x86
	EndGlobalSection
	GlobalSection(ProjectConfigurationPlatforms) = postSolution
		{2ACF6F7E-1582-408E-B25E-A5D5850C192D}.Debug|Any CPU.ActiveCfg = Debug|Any CPU
		{2ACF6F7E-1582-408E-B25E-A5D5850C192D}.Debug|Any CPU.Build.0 = Debug|Any CPU
		{2ACF6F7E-1582-408E-B25E-A5D5850C192D}.Debug|x64.ActiveCfg = Debug|Any CPU
		{2ACF6F7E-1582-408E-B25E-A5D5850C192D}.Debug|x64.Build.0 = Debug|Any CPU
		{2ACF6F7E-1582-408E-B25E-A5D5850C192D}.Debug|x86.ActiveCfg = Debug|Any CPU
		{2ACF6F7E-1582-408E-B25E-A5D5850C192D}.Debug|x86.Build.0 = Debug|Any CPU
		{2ACF6F7E-1582-408E-B25E-A5D5850C192D}.Release|Any CPU.ActiveCfg = Release|Any CPU
		{2ACF6F7E-1582-408E-B25E-A5D5850C192D}.Release|Any CPU.Build.0 = Release|Any CPU
		{2ACF6F7E-1582-408E-B25E-A5D5850C192D}.Release|x64.ActiveCfg = Release|Any CPU
		{2ACF6F7E-1582-408E-B25E-A5D5850C192D}.Release|x64.Build.0 = Release|Any CPU
		{2ACF6F7E-1582-408E-B25E-A5D5850C192D}.Release|x86.ActiveCfg = Release|Any CPU
		{2ACF6F7E-1582-408E-B25E-A5D5850C192D}.Release|x86.Build.0 = Release|Any CPU
		{833A2C40-B176-421A-A2C3-F751578B8B82}.Debug|Any CPU.ActiveCfg = Debug|Any CPU
		{833A2C40-B176-421A-A2C3-F751578B8B82}.Debug|Any CPU.Build.0 = Debug|Any CPU
		{833A2C40-B176-421A-A2C3-F751578B8B82}.Debug|x64.ActiveCfg = Debug|Any CPU
		{833A2C40-B176-421A-A2C3-F751578B8B82}.Debug|x64.Build.0 = Debug|Any CPU
		{833A2C40-B176-421A-A2C3-F751578B8B82}.Debug|x86.ActiveCfg = Debug|Any CPU
		{833A2C40-B176-421A-A2C3-F751578B8B82}.Debug|x86.Build.0 = Debug|Any CPU
		{833A2C40-B176-421A-A2C3-F751578B8B82}.Release|Any CPU.ActiveCfg = Release|Any CPU
		{833A2C40-B176-421A-A2C3-F751578B8B82}.Release|Any CPU.Build.0 = Release|Any CPU
		{833A2C40-B176-421A-A2C3-F751578B8B82}.Release|x64.ActiveCfg = Release|Any CPU
		{833A2C40-B176-421A-A2C3-F751578B8B82}.Release|x64.Build.0 = Release|Any CPU
		{833A2C40-B176-421A-A2C3-F751578B8B82}.Release|x86.ActiveCfg = Release|Any CPU
		{833A2C40-B176-421A-A2C3-F751578B8B82}.Release|x86.Build.0 = Release|Any CPU
		{41E39528-B4FA-4309-A2B1-78EA2D63F169}.Debug|Any CPU.ActiveCfg = Debug|Any CPU
		{41E39528-B4FA-4309-A2B1-78EA2D63F169}.Debug|Any CPU.Build.0 = Debug|Any CPU
		{41E39528-B4FA-4309-A2B1-78EA2D63F169}.Debug|x64.ActiveCfg = Debug|Any CPU
		{41E39528-B4FA-4309-A2B1-78EA2D63F169}.Debug|x64.Build.0 = Debug|Any CPU
		{41E39528-B4FA-4309-A2B1-78EA2D63F169}.Debug|x86.ActiveCfg = Debug|Any CPU
		{41E39528-B4FA-4309-A2B1-78EA2D63F169}.Debug|x86.Build.0 = Debug|Any CPU
		{41E39528-B4FA-4309-A2B1-78EA2D63F169}.Release|Any CPU.ActiveCfg = Release|Any CPU
		{41E39528-B4FA-4309-A2B1-78EA2D63F169}.Release|Any CPU.Build.0 = Release|Any CPU
		{41E39528-B4FA-4309-A2B1-78EA2D63F169}.Release|x64.ActiveCfg = Release|Any CPU
		{41E39528-B4FA-4309-A2B1-78EA2D63F169}.Release|x64.Build.0 = Release|Any CPU
		{41E39528-B4FA-4309-A2B1-78EA2D63F169}.Release|x86.ActiveCfg = Release|Any CPU
		{41E39528-B4FA-4309-A2B1-78EA2D63F169}.Release|x86.Build.0 = Release|Any CPU
		{5A6EDC13-8329-470C-8D71-9B1008515FC3}.Debug|Any CPU.ActiveCfg = Debug|Any CPU
		{5A6EDC13-8329-470C-8D71-9B1008515FC3}.Debug|Any CPU.Build.0 = Debug|Any CPU
		{5A6EDC13-8329-470C-8D71-9B1008515FC3}.Debug|x64.ActiveCfg = Debug|Any CPU
		{5A6EDC13-8329-470C-8D71-9B1008515FC3}.Debug|x64.Build.0 = Debug|Any CPU
		{5A6EDC13-8329-470C-8D71-9B1008515FC3}.Debug|x86.ActiveCfg = Debug|Any CPU
		{5A6EDC13-8329-470C-8D71-9B1008515FC3}.Debug|x86.Build.0 = Debug|Any CPU
		{5A6EDC13-8329-470C-8D71-9B1008515FC3}.Release|Any CPU.ActiveCfg = Release|Any CPU
		{5A6EDC13-8329-470C-8D71-9B1008515FC3}.Release|Any CPU.Build.0 = Release|Any CPU
		{5A6EDC13-8329-470C-8D71-9B1008515FC3}.Release|x64.ActiveCfg = Release|Any CPU
		{5A6EDC13-8329-470C-8D71-9B1008515FC3}.Release|x64.Build.0 = Release|Any CPU
		{5A6EDC13-8329-470C-8D71-9B1008515FC3}.Release|x86.ActiveCfg = Release|Any CPU
		{5A6EDC13-8329-470C-8D71-9B1008515FC3}.Release|x86.Build.0 = Release|Any CPU
	EndGlobalSection
	GlobalSection(SolutionProperties) = preSolution
		HideSolutionNode = FALSE
	EndGlobalSection
EndGlobal
